schema: '2.0'
stages:
  load_data:
    cmd: python src/scripts/data_load.py --config configs.yaml
    outs:
    - path: data/raw/diabetes.csv
      hash: md5
      md5: fee81055c09eadc97db03d1f5e70928a
      size: 95136
  clean_data:
    cmd: python src/scripts/data_clean.py --config configs.yaml
    deps:
    - path: data/raw/diabetes.csv
      hash: md5
      md5: fee81055c09eadc97db03d1f5e70928a
      size: 95136
    outs:
    - path: data/processed/X_test.csv
      hash: md5
      md5: 538211f1158129019906e3c4717cba7e
      size: 17346
    - path: data/processed/X_train.csv
      hash: md5
      md5: 6ecd5c7e841956fc0375b74f341797af
      size: 68634
    - path: data/processed/y_test.csv
      hash: md5
      md5: 8dd499c196b8b56f018666789ad1b3d3
      size: 507
    - path: data/processed/y_train.csv
      hash: md5
      md5: a0e099610c4b97102c49120cd11a6815
      size: 2012
  train_model:
    cmd: python src/scripts/train.py --config configs.yaml --params params.yaml
    deps:
    - path: data/processed/X_train.csv
      hash: md5
      md5: 6ecd5c7e841956fc0375b74f341797af
      size: 68634
    - path: data/processed/y_train.csv
      hash: md5
      md5: a0e099610c4b97102c49120cd11a6815
      size: 2012
    params:
      params.yaml:
        train.max_depth: 10
        train.n_estimators: 100
    outs:
    - path: models/rf_model.pkl
      hash: md5
      md5: d5105061b35a4f9b88d4d99b4523f867
      size: 2058362
  evaluate_model:
    cmd: python src/scripts/evaluate.py --config configs.yaml
    deps:
    - path: data/processed/X_test.csv
      hash: md5
      md5: 538211f1158129019906e3c4717cba7e
      size: 17346
    - path: data/processed/y_test.csv
      hash: md5
      md5: 8dd499c196b8b56f018666789ad1b3d3
      size: 507
    - path: models/rf_model.pkl
      hash: md5
      md5: d5105061b35a4f9b88d4d99b4523f867
      size: 2058362
    outs:
    - path: results/evaluation_metrics.yaml
      hash: md5
      md5: e93d744e215edccd3b0e9056f5377999
      size: 21
    - path: results/line_plot.png
      hash: md5
      md5: c0f1fd0911e84aac83b8f7bdf29e123e
      size: 74257
    - path: results/scatter_plot.png
      hash: md5
      md5: caf333c6a9fdabef51982b033cd24213
      size: 20573
