schema: '2.0'
stages:
  load_data:
    cmd: python src/scripts/data_load.py --config configs.yaml
    deps:
    - path: src/scripts/data_load.py
      hash: md5
      md5: 45488cef645b600001f1c94a30bdaad8
      size: 841
    outs:
    - path: data/raw/diabetes.csv
      hash: md5
      md5: fee81055c09eadc97db03d1f5e70928a
      size: 95136
  clean_data:
    cmd: python src/scripts/data_clean.py --config configs.yaml
    deps:
    - path: data/raw/diabetes.csv
      hash: md5
      md5: fee81055c09eadc97db03d1f5e70928a
      size: 95136
    - path: src/scripts/data_clean.py
      hash: md5
      md5: ac6be70ebe8eb11a66a6b5e6a9a53f9b
      size: 1404
    outs:
    - path: data/processed/X_test.csv
      hash: md5
      md5: 538211f1158129019906e3c4717cba7e
      size: 17346
    - path: data/processed/X_train.csv
      hash: md5
      md5: 6ecd5c7e841956fc0375b74f341797af
      size: 68634
    - path: data/processed/y_test.csv
      hash: md5
      md5: 8dd499c196b8b56f018666789ad1b3d3
      size: 507
    - path: data/processed/y_train.csv
      hash: md5
      md5: a0e099610c4b97102c49120cd11a6815
      size: 2012
  train_model:
    cmd: python src/scripts/train.py --config configs.yaml --params params.yaml
    deps:
    - path: data/processed/X_train.csv
      hash: md5
      md5: 6ecd5c7e841956fc0375b74f341797af
      size: 68634
    - path: data/processed/y_train.csv
      hash: md5
      md5: a0e099610c4b97102c49120cd11a6815
      size: 2012
    - path: src/scripts/train.py
      hash: md5
      md5: 1c81491e1f3b8cdb5f98a423d8763308
      size: 1448
    params:
      params.yaml:
        train.max_depth: 10
        train.n_estimators: 100
    outs:
    - path: models/rf_model.pkl
      hash: md5
      md5: fa89e04c9692031e50ddf44f7a3fc544
      size: 703
  evaluate_model:
    cmd: python src/scripts/evaluate.py --config configs.yaml
    deps:
    - path: data/processed/X_test.csv
      hash: md5
      md5: 538211f1158129019906e3c4717cba7e
      size: 17346
    - path: data/processed/y_test.csv
      hash: md5
      md5: 8dd499c196b8b56f018666789ad1b3d3
      size: 507
    - path: models/rf_model.pkl
      hash: md5
      md5: fa89e04c9692031e50ddf44f7a3fc544
      size: 703
    - path: src/scripts/evaluate.py
      hash: md5
      md5: 0026175d476ade3c53e5bc111be2dba7
      size: 1725
    outs:
    - path: results/evaluation_metrics.yaml
      hash: md5
      md5: fb64c64555fdaf250883ec842acb6398
      size: 21
    - path: results/line_plot.png
      hash: md5
      md5: 3add2dc352b1c711ba778dbdb0c81d1d
      size: 74717
    - path: results/scatter_plot.png
      hash: md5
      md5: 0d3d8b1725b3f9ca89a3e4879fd51ec3
      size: 18749
